
Microsoft Visual Studio Solution File, Format Version 12.00
# Visual Studio 14
VisualStudioVersion = 14.0.23107.0
MinimumVisualStudioVersion = 10.0.40219.1
Project("{FAE04EC0-301F-11D3-BF4B-00C04F79EFBC}") = "EM.Calc.ConsoleApp", "EM.Calc.ConsoleApp\EM.Calc.ConsoleApp.csproj", "{603443CF-2FE4-4BFE-BB49-3AB5EC3DBC2A}"
EndProject
Project("{FAE04EC0-301F-11D3-BF4B-00C04F79EFBC}") = "EM.Calc.Core", "..\EM.Calc.Core\EM.Calc.Core.csproj", "{83E3CD89-DB5C-47A6-9C53-766E1D07B444}"
EndProject
Project("{FAE04EC0-301F-11D3-BF4B-00C04F79EFBC}") = "EM.Calc.WinCalc", "EM.Calc.WinCalc\EM.Calc.WinCalc.csproj", "{6D785358-FFCF-46B0-B32F-66F0DA342788}"
EndProject
Global
	GlobalSection(SolutionConfigurationPlatforms) = preSolution
		Debug|Any CPU = Debug|Any CPU
		Release|Any CPU = Release|Any CPU
	EndGlobalSection
	GlobalSection(ProjectConfigurationPlatforms) = postSolution
		{603443CF-2FE4-4BFE-BB49-3AB5EC3DBC2A}.Debug|Any CPU.ActiveCfg = Debug|Any CPU
		{603443CF-2FE4-4BFE-BB49-3AB5EC3DBC2A}.Debug|Any CPU.Build.0 = Debug|Any CPU
		{603443CF-2FE4-4BFE-BB49-3AB5EC3DBC2A}.Release|Any CPU.ActiveCfg = Release|Any CPU
		{603443CF-2FE4-4BFE-BB49-3AB5EC3DBC2A}.Release|Any CPU.Build.0 = Release|Any CPU
		{83E3CD89-DB5C-47A6-9C53-766E1D07B444}.Debug|Any CPU.ActiveCfg = Debug|Any CPU
		{83E3CD89-DB5C-47A6-9C53-766E1D07B444}.Debug|Any CPU.Build.0 = Debug|Any CPU
		{83E3CD89-DB5C-47A6-9C53-766E1D07B444}.Release|Any CPU.ActiveCfg = Release|Any CPU
		{83E3CD89-DB5C-47A6-9C53-766E1D07B444}.Release|Any CPU.Build.0 = Release|Any CPU
		{6D785358-FFCF-46B0-B32F-66F0DA342788}.Debug|Any CPU.ActiveCfg = Debug|Any CPU
		{6D785358-FFCF-46B0-B32F-66F0DA342788}.Debug|Any CPU.Build.0 = Debug|Any CPU
		{6D785358-FFCF-46B0-B32F-66F0DA342788}.Release|Any CPU.ActiveCfg = Release|Any CPU
		{6D785358-FFCF-46B0-B32F-66F0DA342788}.Release|Any CPU.Build.0 = Release|Any CPU
	EndGlobalSection
	GlobalSection(SolutionProperties) = preSolution
		HideSolutionNode = FALSE
	EndGlobalSection
EndGlobal
